
Microsoft Visual Studio Solution File, Format Version 12.00
# Visual Studio 14
VisualStudioVersion = 14.0.25420.1
MinimumVisualStudioVersion = 10.0.40219.1
Project("{00D1A9C2-B5F0-4AF3-8072-F6C62B433612}") = "SSRSTester_Database", "SSRSTester_Database\SSRSTester_Database.sqlproj", "{19CE7E8C-4F9E-4C1D-9875-A9C0D3A98694}"
	ProjectSection(ProjectDependencies) = postProject
		{09833BBC-3099-4AFC-BFC1-DF3414809D84} = {09833BBC-3099-4AFC-BFC1-DF3414809D84}
	EndProjectSection
EndProject
Project("{00D1A9C2-B5F0-4AF3-8072-F6C62B433612}") = "ReportingServicesDummy", "ReportingServicesDummy\ReportingServicesDummy.sqlproj", "{09833BBC-3099-4AFC-BFC1-DF3414809D84}"
EndProject
Global
	GlobalSection(SolutionConfigurationPlatforms) = preSolution
		Debug|Any CPU = Debug|Any CPU
		Release|Any CPU = Release|Any CPU
	EndGlobalSection
	GlobalSection(ProjectConfigurationPlatforms) = postSolution
		{19CE7E8C-4F9E-4C1D-9875-A9C0D3A98694}.Debug|Any CPU.ActiveCfg = Debug|Any CPU
		{19CE7E8C-4F9E-4C1D-9875-A9C0D3A98694}.Debug|Any CPU.Build.0 = Debug|Any CPU
		{19CE7E8C-4F9E-4C1D-9875-A9C0D3A98694}.Debug|Any CPU.Deploy.0 = Debug|Any CPU
		{19CE7E8C-4F9E-4C1D-9875-A9C0D3A98694}.Release|Any CPU.ActiveCfg = Release|Any CPU
		{19CE7E8C-4F9E-4C1D-9875-A9C0D3A98694}.Release|Any CPU.Build.0 = Release|Any CPU
		{19CE7E8C-4F9E-4C1D-9875-A9C0D3A98694}.Release|Any CPU.Deploy.0 = Release|Any CPU
		{09833BBC-3099-4AFC-BFC1-DF3414809D84}.Debug|Any CPU.ActiveCfg = Debug|Any CPU
		{09833BBC-3099-4AFC-BFC1-DF3414809D84}.Debug|Any CPU.Build.0 = Debug|Any CPU
		{09833BBC-3099-4AFC-BFC1-DF3414809D84}.Debug|Any CPU.Deploy.0 = Debug|Any CPU
		{09833BBC-3099-4AFC-BFC1-DF3414809D84}.Release|Any CPU.ActiveCfg = Release|Any CPU
		{09833BBC-3099-4AFC-BFC1-DF3414809D84}.Release|Any CPU.Build.0 = Release|Any CPU
		{09833BBC-3099-4AFC-BFC1-DF3414809D84}.Release|Any CPU.Deploy.0 = Release|Any CPU
	EndGlobalSection
	GlobalSection(SolutionProperties) = preSolution
		HideSolutionNode = FALSE
	EndGlobalSection
EndGlobal
